# This file is automatically @generated by Cargo.
# It is not intended for manual editing.
version = 3

[[package]]
name = "cl3"
version = "0.8.1"
source = "registry+https://github.com/rust-lang/crates.io-index"
checksum = "77166cbb71dd173a1052641bd359a276a29482f1c133c57f96e336cf8c741f95"
dependencies = [
 "libc",
 "opencl-sys",
]

[[package]]
name = "libc"
version = "0.2.155"
source = "registry+https://github.com/rust-lang/crates.io-index"
checksum = "97b3888a4aecf77e811145cadf6eef5901f4782c53886191b2f693f24761847c"

[[package]]
name = "opencl-sys"
version = "0.2.9"
source = "registry+https://github.com/rust-lang/crates.io-index"
checksum = "de15dd01496ae90c5799f5266184ab020082b4065800ff0b732f489371d0e5cf"
dependencies = [
 "libc",
]

[[package]]
name = "opencl3"
version = "0.8.1"
source = "registry+https://github.com/rust-lang/crates.io-index"
checksum = "e5d27867a134b50268c43e06f2af20abec705ae8afcc784a2efbfc24976554fe"
dependencies = [
 "cl3",
 "libc",
]

[[package]]
name = "rust_cl"
version = "0.1.0"
dependencies = [
 "opencl3",
]
